
Microsoft Visual Studio Solution File, Format Version 12.00
Project("{FAE04EC0-301F-11D3-BF4B-00C04F79EFBC}") = "mc", "mc\mc.csproj", "{2A090DA2-DD08-48C7-BF19-61FABDF5D9B7}"
EndProject
Project("{FAE04EC0-301F-11D3-BF4B-00C04F79EFBC}") = "Minsk", "Minsk\Minsk.csproj", "{7DB8E6E2-E1B7-4EB6-BC59-404FB818E4F7}"
EndProject
Project("{FAE04EC0-301F-11D3-BF4B-00C04F79EFBC}") = "Minsk.Tests", "Minsk.Tests\Minsk.Tests.csproj", "{832300A8-54E4-42EE-ADCB-15B307BEA8A3}"
EndProject
Global
	GlobalSection(SolutionConfigurationPlatforms) = preSolution
		Debug|Any CPU = Debug|Any CPU
		Debug|x64 = Debug|x64
		Debug|x86 = Debug|x86
		Release|Any CPU = Release|Any CPU
		Release|x64 = Release|x64
		Release|x86 = Release|x86
	EndGlobalSection
	GlobalSection(ProjectConfigurationPlatforms) = postSolution
		{2A090DA2-DD08-48C7-BF19-61FABDF5D9B7}.Debug|Any CPU.ActiveCfg = Debug|Any CPU
		{2A090DA2-DD08-48C7-BF19-61FABDF5D9B7}.Debug|Any CPU.Build.0 = Debug|Any CPU
		{2A090DA2-DD08-48C7-BF19-61FABDF5D9B7}.Debug|x64.ActiveCfg = Debug|Any CPU
		{2A090DA2-DD08-48C7-BF19-61FABDF5D9B7}.Debug|x64.Build.0 = Debug|Any CPU
		{2A090DA2-DD08-48C7-BF19-61FABDF5D9B7}.Debug|x86.ActiveCfg = Debug|Any CPU
		{2A090DA2-DD08-48C7-BF19-61FABDF5D9B7}.Debug|x86.Build.0 = Debug|Any CPU
		{2A090DA2-DD08-48C7-BF19-61FABDF5D9B7}.Release|Any CPU.ActiveCfg = Release|Any CPU
		{2A090DA2-DD08-48C7-BF19-61FABDF5D9B7}.Release|Any CPU.Build.0 = Release|Any CPU
		{2A090DA2-DD08-48C7-BF19-61FABDF5D9B7}.Release|x64.ActiveCfg = Release|Any CPU
		{2A090DA2-DD08-48C7-BF19-61FABDF5D9B7}.Release|x64.Build.0 = Release|Any CPU
		{2A090DA2-DD08-48C7-BF19-61FABDF5D9B7}.Release|x86.ActiveCfg = Release|Any CPU
		{2A090DA2-DD08-48C7-BF19-61FABDF5D9B7}.Release|x86.Build.0 = Release|Any CPU
		{7DB8E6E2-E1B7-4EB6-BC59-404FB818E4F7}.Debug|Any CPU.ActiveCfg = Debug|Any CPU
		{7DB8E6E2-E1B7-4EB6-BC59-404FB818E4F7}.Debug|Any CPU.Build.0 = Debug|Any CPU
		{7DB8E6E2-E1B7-4EB6-BC59-404FB818E4F7}.Debug|x64.ActiveCfg = Debug|Any CPU
		{7DB8E6E2-E1B7-4EB6-BC59-404FB818E4F7}.Debug|x64.Build.0 = Debug|Any CPU
		{7DB8E6E2-E1B7-4EB6-BC59-404FB818E4F7}.Debug|x86.ActiveCfg = Debug|Any CPU
		{7DB8E6E2-E1B7-4EB6-BC59-404FB818E4F7}.Debug|x86.Build.0 = Debug|Any CPU
		{7DB8E6E2-E1B7-4EB6-BC59-404FB818E4F7}.Release|Any CPU.ActiveCfg = Release|Any CPU
		{7DB8E6E2-E1B7-4EB6-BC59-404FB818E4F7}.Release|Any CPU.Build.0 = Release|Any CPU
		{7DB8E6E2-E1B7-4EB6-BC59-404FB818E4F7}.Release|x64.ActiveCfg = Release|Any CPU
		{7DB8E6E2-E1B7-4EB6-BC59-404FB818E4F7}.Release|x64.Build.0 = Release|Any CPU
		{7DB8E6E2-E1B7-4EB6-BC59-404FB818E4F7}.Release|x86.ActiveCfg = Release|Any CPU
		{7DB8E6E2-E1B7-4EB6-BC59-404FB818E4F7}.Release|x86.Build.0 = Release|Any CPU
		{832300A8-54E4-42EE-ADCB-15B307BEA8A3}.Debug|Any CPU.ActiveCfg = Debug|Any CPU
		{832300A8-54E4-42EE-ADCB-15B307BEA8A3}.Debug|Any CPU.Build.0 = Debug|Any CPU
		{832300A8-54E4-42EE-ADCB-15B307BEA8A3}.Debug|x64.ActiveCfg = Debug|Any CPU
		{832300A8-54E4-42EE-ADCB-15B307BEA8A3}.Debug|x64.Build.0 = Debug|Any CPU
		{832300A8-54E4-42EE-ADCB-15B307BEA8A3}.Debug|x86.ActiveCfg = Debug|Any CPU
		{832300A8-54E4-42EE-ADCB-15B307BEA8A3}.Debug|x86.Build.0 = Debug|Any CPU
		{832300A8-54E4-42EE-ADCB-15B307BEA8A3}.Release|Any CPU.ActiveCfg = Release|Any CPU
		{832300A8-54E4-42EE-ADCB-15B307BEA8A3}.Release|Any CPU.Build.0 = Release|Any CPU
		{832300A8-54E4-42EE-ADCB-15B307BEA8A3}.Release|x64.ActiveCfg = Release|Any CPU
		{832300A8-54E4-42EE-ADCB-15B307BEA8A3}.Release|x64.Build.0 = Release|Any CPU
		{832300A8-54E4-42EE-ADCB-15B307BEA8A3}.Release|x86.ActiveCfg = Release|Any CPU
		{832300A8-54E4-42EE-ADCB-15B307BEA8A3}.Release|x86.Build.0 = Release|Any CPU
	EndGlobalSection
	GlobalSection(SolutionProperties) = preSolution
		HideSolutionNode = FALSE
	EndGlobalSection
EndGlobal
